https://github.com/korlibs/korge-ext.git/korma-tile-raycasting/korma-tile-raycasting#v0.1.2 ::: de29df486b4cf755a5ab32b35a64c06f9f7722d0:0d05090107f80b0c0bf50101fe010ef4f5f8f8f109fef5050a00f4f702fe060f
https://github.com/korlibs/korge-ldtk.git/korge-ldtk#v1.0.2 ::: 3cc31bddd707037084f8e0d764a9706cc99f0bfb:fefc01fef80bf6f10502fbf5f501fff20df40df6fefffc0efa0dfaf30e07f90c
https://github.com/korlibs/korge-virtualcontroller.git/korge-virtualcontroller#v1.0.2 ::: df0e840b8171bb3f5b8f7a86b77fbe39e725be16:0b02fb06f0000002f5f6f2f002fd00fff4f4f90a040307f207f8ff06fff5fef5
