https://github.com/korlibs/korge-ext.git/korma-tile-raycasting/korma-tile-raycasting#v0.0.3 ::: a88993c199f42cc00a2044b81b089a5cc3fb3a6b:f60d04f708f907f7050a0dfff40ff9fdf103f607fc0108070500f7f701fb0d02
https://github.com/korlibs/korge-ldtk.git/korge-ldtk#v0.0.3 ::: 39dd48ea60d7976d217539649c0c229df2948ace:060f0c0608f20bfcf7060600f00e0bf0fef805070907fbf3f0060df304f3f0fa
https://github.com/korlibs/korge-ldtk.git/korge-ldtk#v0.0.4 ::: a4e753a009531dc1206b421f8bd9eeee0274a126:05fa02f4f8faf6f0f0fe0306fff90df5000ef4f0f3fdf3f40708f10c08f705f8
https://github.com/korlibs/korge-virtualcontroller.git/korge-virtualcontroller#0.0.4 ::: 2e465059da35e9fb813ae87f40e6a11f68152cf7:f9fbfbfaf108fc0afe03fff9f4f3fb070b05f0f201f7f4f50c07fa0c07fcf7fb
